
Microsoft Visual Studio Solution File, Format Version 12.00
# Visual Studio 2015
Project("{FAE04EC0-301F-11D3-BF4B-00C04F79EFBC}") = "JungleBattle_Client", "JungleBattle_Client.csproj", "{5EF0D207-A04C-FC6E-2142-675ECDAEAC1C}"
EndProject
Project("{FAE04EC0-301F-11D3-BF4B-00C04F79EFBC}") = "JungleBattle_Client.Editor", "JungleBattle_Client.Editor.csproj", "{ABC95EFE-9E65-D48E-A133-2E9CD17A51F9}"
EndProject
Global
	GlobalSection(SolutionConfigurationPlatforms) = preSolution
		Debug|Any CPU = Debug|Any CPU
		Release|Any CPU = Release|Any CPU
	EndGlobalSection
	GlobalSection(ProjectConfigurationPlatforms) = postSolution
		{5EF0D207-A04C-FC6E-2142-675ECDAEAC1C}.Debug|Any CPU.ActiveCfg = Debug|Any CPU
		{5EF0D207-A04C-FC6E-2142-675ECDAEAC1C}.Debug|Any CPU.Build.0 = Debug|Any CPU
		{5EF0D207-A04C-FC6E-2142-675ECDAEAC1C}.Release|Any CPU.ActiveCfg = Release|Any CPU
		{5EF0D207-A04C-FC6E-2142-675ECDAEAC1C}.Release|Any CPU.Build.0 = Release|Any CPU
		{ABC95EFE-9E65-D48E-A133-2E9CD17A51F9}.Debug|Any CPU.ActiveCfg = Debug|Any CPU
		{ABC95EFE-9E65-D48E-A133-2E9CD17A51F9}.Debug|Any CPU.Build.0 = Debug|Any CPU
		{ABC95EFE-9E65-D48E-A133-2E9CD17A51F9}.Release|Any CPU.ActiveCfg = Release|Any CPU
		{ABC95EFE-9E65-D48E-A133-2E9CD17A51F9}.Release|Any CPU.Build.0 = Release|Any CPU
	EndGlobalSection
	GlobalSection(SolutionProperties) = preSolution
		HideSolutionNode = FALSE
	EndGlobalSection
EndGlobal
